version = 1
revision = 2
requires-python = ">=3.13"

[[package]]
name = "cffi"
version = "1.17.1"
source = { registry = "https://pypi.org/simple" }
dependencies = [
    { name = "pycparser" },
]
sdist = { url = "https://files.pythonhosted.org/packages/fc/97/c783634659c2920c3fc70419e3af40972dbaf758daa229a7d6ea6135c90d/cffi-1.17.1.tar.gz", hash = "sha256:1c39c6016c32bc48dd54561950ebd6836e1670f2ae46128f67cf49e789c52824", size = 516621, upload-time = "2024-09-04T20:45:21.852Z" }
wheels = [
    { url = "https://files.pythonhosted.org/packages/8d/f8/dd6c246b148639254dad4d6803eb6a54e8c85c6e11ec9df2cffa87571dbe/cffi-1.17.1-cp313-cp313-macosx_10_13_x86_64.whl", hash = "sha256:f3a2b4222ce6b60e2e8b337bb9596923045681d71e5a082783484d845390938e", size = 182989, upload-time = "2024-09-04T20:44:28.956Z" },
    { url = "https://files.pythonhosted.org/packages/8b/f1/672d303ddf17c24fc83afd712316fda78dc6fce1cd53011b839483e1ecc8/cffi-1.17.1-cp313-cp313-macosx_11_0_arm64.whl", hash = "sha256:0984a4925a435b1da406122d4d7968dd861c1385afe3b45ba82b750f229811e2", size = 178802, upload-time = "2024-09-04T20:44:30.289Z" },
    { url = "https://files.pythonhosted.org/packages/0e/2d/eab2e858a91fdff70533cab61dcff4a1f55ec60425832ddfdc9cd36bc8af/cffi-1.17.1-cp313-cp313-manylinux_2_12_i686.manylinux2010_i686.manylinux_2_17_i686.manylinux2014_i686.whl", hash = "sha256:d01b12eeeb4427d3110de311e1774046ad344f5b1a7403101878976ecd7a10f3", size = 454792, upload-time = "2024-09-04T20:44:32.01Z" },
    { url = "https://files.pythonhosted.org/packages/75/b2/fbaec7c4455c604e29388d55599b99ebcc250a60050610fadde58932b7ee/cffi-1.17.1-cp313-cp313-manylinux_2_17_aarch64.manylinux2014_aarch64.whl", hash = "sha256:706510fe141c86a69c8ddc029c7910003a17353970cff3b904ff0686a5927683", size = 478893, upload-time = "2024-09-04T20:44:33.606Z" },
    { url = "https://files.pythonhosted.org/packages/4f/b7/6e4a2162178bf1935c336d4da8a9352cccab4d3a5d7914065490f08c0690/cffi-1.17.1-cp313-cp313-manylinux_2_17_ppc64le.manylinux2014_ppc64le.whl", hash = "sha256:de55b766c7aa2e2a3092c51e0483d700341182f08e67c63630d5b6f200bb28e5", size = 485810, upload-time = "2024-09-04T20:44:35.191Z" },
    { url = "https://files.pythonhosted.org/packages/c7/8a/1d0e4a9c26e54746dc08c2c6c037889124d4f59dffd853a659fa545f1b40/cffi-1.17.1-cp313-cp313-manylinux_2_17_s390x.manylinux2014_s390x.whl", hash = "sha256:c59d6e989d07460165cc5ad3c61f9fd8f1b4796eacbd81cee78957842b834af4", size = 471200, upload-time = "2024-09-04T20:44:36.743Z" },
    { url = "https://files.pythonhosted.org/packages/26/9f/1aab65a6c0db35f43c4d1b4f580e8df53914310afc10ae0397d29d697af4/cffi-1.17.1-cp313-cp313-manylinux_2_17_x86_64.manylinux2014_x86_64.whl", hash = "sha256:dd398dbc6773384a17fe0d3e7eeb8d1a21c2200473ee6806bb5e6a8e62bb73dd", size = 479447, upload-time = "2024-09-04T20:44:38.492Z" },
    { url = "https://files.pythonhosted.org/packages/5f/e4/fb8b3dd8dc0e98edf1135ff067ae070bb32ef9d509d6cb0f538cd6f7483f/cffi-1.17.1-cp313-cp313-musllinux_1_1_aarch64.whl", hash = "sha256:3edc8d958eb099c634dace3c7e16560ae474aa3803a5df240542b305d14e14ed", size = 484358, upload-time = "2024-09-04T20:44:40.046Z" },
    { url = "https://files.pythonhosted.org/packages/f1/47/d7145bf2dc04684935d57d67dff9d6d795b2ba2796806bb109864be3a151/cffi-1.17.1-cp313-cp313-musllinux_1_1_x86_64.whl", hash = "sha256:72e72408cad3d5419375fc87d289076ee319835bdfa2caad331e377589aebba9", size = 488469, upload-time = "2024-09-04T20:44:41.616Z" },
    { url = "https://files.pythonhosted.org/packages/bf/ee/f94057fa6426481d663b88637a9a10e859e492c73d0384514a17d78ee205/cffi-1.17.1-cp313-cp313-win32.whl", hash = "sha256:e03eab0a8677fa80d646b5ddece1cbeaf556c313dcfac435ba11f107ba117b5d", size = 172475, upload-time = "2024-09-04T20:44:43.733Z" },
    { url = "https://files.pythonhosted.org/packages/7c/fc/6a8cb64e5f0324877d503c854da15d76c1e50eb722e320b15345c4d0c6de/cffi-1.17.1-cp313-cp313-win_amd64.whl", hash = "sha256:f6a16c31041f09ead72d69f583767292f750d24913dadacf5756b966aacb3f1a", size = 182009, upload-time = "2024-09-04T20:44:45.309Z" },
]

[[package]]
name = "colorama"
version = "0.4.6"
source = { registry = "https://pypi.org/simple" }
sdist = { url = "https://files.pythonhosted.org/packages/d8/53/6f443c9a4a8358a93a6792e2acffb9d9d5cb0a5cfd8802644b7b1c9a02e4/colorama-0.4.6.tar.gz", hash = "sha256:08695f5cb7ed6e0531a20572697297273c47b8cae5a63ffc6d6ed5c201be6e44", size = 27697, upload-time = "2022-10-25T02:36:22.414Z" }
wheels = [
    { url = "https://files.pythonhosted.org/packages/d1/d6/3965ed04c63042e047cb6a3e6ed1a63a35087b6a609aa3a15ed8ac56c221/colorama-0.4.6-py2.py3-none-any.whl", hash = "sha256:4f1d9991f5acc0ca119f9d443620b77f9d6b33703e51011c16baf57afb285fc6", size = 25335, upload-time = "2022-10-25T02:36:20.889Z" },
]

[[package]]
name = "dacite"
version = "1.9.2"
source = { registry = "https://pypi.org/simple" }
sdist = { url = "https://files.pythonhosted.org/packages/55/a0/7ca79796e799a3e782045d29bf052b5cde7439a2bbb17f15ff44f7aacc63/dacite-1.9.2.tar.gz", hash = "sha256:6ccc3b299727c7aa17582f0021f6ae14d5de47c7227932c47fec4cdfefd26f09", size = 22420, upload-time = "2025-02-05T09:27:29.757Z" }
wheels = [
    { url = "https://files.pythonhosted.org/packages/94/35/386550fd60316d1e37eccdda609b074113298f23cef5bddb2049823fe666/dacite-1.9.2-py3-none-any.whl", hash = "sha256:053f7c3f5128ca2e9aceb66892b1a3c8936d02c686e707bee96e19deef4bc4a0", size = 16600, upload-time = "2025-02-05T09:27:24.345Z" },
]

[[package]]
name = "musicdownloader"
version = "0.1.0"
source = { virtual = "." }
dependencies = [
    { name = "dacite" },
    { name = "mutagen" },
    { name = "numpy" },
    { name = "pyright" },
    { name = "pyside6" },
    { name = "python-vlc" },
    { name = "soundfile" },
    { name = "tqdm" },
]

[package.metadata]
requires-dist = [
    { name = "dacite", specifier = ">=1.9.2" },
    { name = "mutagen", specifier = ">=1.47.0" },
    { name = "numpy", specifier = ">=2.2.5" },
    { name = "pyright", specifier = ">=1.1.400" },
    { name = "pyside6", specifier = ">=6.9.0" },
    { name = "python-vlc", specifier = ">=3.0.21203" },
    { name = "soundfile", specifier = ">=0.13.1" },
    { name = "tqdm", specifier = ">=4.67.1" },
]

[[package]]
name = "mutagen"
version = "1.47.0"
source = { registry = "https://pypi.org/simple" }
sdist = { url = "https://files.pythonhosted.org/packages/81/e6/64bc71b74eef4b68e61eb921dcf72dabd9e4ec4af1e11891bbd312ccbb77/mutagen-1.47.0.tar.gz", hash = "sha256:719fadef0a978c31b4cf3c956261b3c58b6948b32023078a2117b1de09f0fc99", size = 1274186, upload-time = "2023-09-03T16:33:33.411Z" }
wheels = [
    { url = "https://files.pythonhosted.org/packages/b0/7a/620f945b96be1f6ee357d211d5bf74ab1b7fe72a9f1525aafbfe3aee6875/mutagen-1.47.0-py3-none-any.whl", hash = "sha256:edd96f50c5907a9539d8e5bba7245f62c9f520aef333d13392a79a4f70aca719", size = 194391, upload-time = "2023-09-03T16:33:29.955Z" },
]

[[package]]
name = "nodeenv"
version = "1.9.1"
source = { registry = "https://pypi.org/simple" }
sdist = { url = "https://files.pythonhosted.org/packages/43/16/fc88b08840de0e0a72a2f9d8c6bae36be573e475a6326ae854bcc549fc45/nodeenv-1.9.1.tar.gz", hash = "sha256:6ec12890a2dab7946721edbfbcd91f3319c6ccc9aec47be7c7e6b7011ee6645f", size = 47437, upload-time = "2024-06-04T18:44:11.171Z" }
wheels = [
    { url = "https://files.pythonhosted.org/packages/d2/1d/1b658dbd2b9fa9c4c9f32accbfc0205d532c8c6194dc0f2a4c0428e7128a/nodeenv-1.9.1-py2.py3-none-any.whl", hash = "sha256:ba11c9782d29c27c70ffbdda2d7415098754709be8a7056d79a737cd901155c9", size = 22314, upload-time = "2024-06-04T18:44:08.352Z" },
]

[[package]]
name = "numpy"
version = "2.2.5"
source = { registry = "https://pypi.org/simple" }
sdist = { url = "https://files.pythonhosted.org/packages/dc/b2/ce4b867d8cd9c0ee84938ae1e6a6f7926ebf928c9090d036fc3c6a04f946/numpy-2.2.5.tar.gz", hash = "sha256:a9c0d994680cd991b1cb772e8b297340085466a6fe964bc9d4e80f5e2f43c291", size = 20273920, upload-time = "2025-04-19T23:27:42.561Z" }
wheels = [
    { url = "https://files.pythonhosted.org/packages/e2/a0/0aa7f0f4509a2e07bd7a509042967c2fab635690d4f48c6c7b3afd4f448c/numpy-2.2.5-cp313-cp313-macosx_10_13_x86_64.whl", hash = "sha256:059b51b658f4414fff78c6d7b1b4e18283ab5fa56d270ff212d5ba0c561846f4", size = 20935102, upload-time = "2025-04-19T22:41:16.234Z" },
    { url = "https://files.pythonhosted.org/packages/7e/e4/a6a9f4537542912ec513185396fce52cdd45bdcf3e9d921ab02a93ca5aa9/numpy-2.2.5-cp313-cp313-macosx_11_0_arm64.whl", hash = "sha256:47f9ed103af0bc63182609044b0490747e03bd20a67e391192dde119bf43d52f", size = 14191709, upload-time = "2025-04-19T22:41:38.472Z" },
    { url = "https://files.pythonhosted.org/packages/be/65/72f3186b6050bbfe9c43cb81f9df59ae63603491d36179cf7a7c8d216758/numpy-2.2.5-cp313-cp313-macosx_14_0_arm64.whl", hash = "sha256:261a1ef047751bb02f29dfe337230b5882b54521ca121fc7f62668133cb119c9", size = 5149173, upload-time = "2025-04-19T22:41:47.823Z" },
    { url = "https://files.pythonhosted.org/packages/e5/e9/83e7a9432378dde5802651307ae5e9ea07bb72b416728202218cd4da2801/numpy-2.2.5-cp313-cp313-macosx_14_0_x86_64.whl", hash = "sha256:4520caa3807c1ceb005d125a75e715567806fed67e315cea619d5ec6e75a4191", size = 6684502, upload-time = "2025-04-19T22:41:58.689Z" },
    { url = "https://files.pythonhosted.org/packages/ea/27/b80da6c762394c8ee516b74c1f686fcd16c8f23b14de57ba0cad7349d1d2/numpy-2.2.5-cp313-cp313-manylinux_2_17_aarch64.manylinux2014_aarch64.whl", hash = "sha256:3d14b17b9be5f9c9301f43d2e2a4886a33b53f4e6fdf9ca2f4cc60aeeee76372", size = 14084417, upload-time = "2025-04-19T22:42:19.897Z" },
    { url = "https://files.pythonhosted.org/packages/aa/fc/ebfd32c3e124e6a1043e19c0ab0769818aa69050ce5589b63d05ff185526/numpy-2.2.5-cp313-cp313-manylinux_2_17_x86_64.manylinux2014_x86_64.whl", hash = "sha256:2ba321813a00e508d5421104464510cc962a6f791aa2fca1c97b1e65027da80d", size = 16133807, upload-time = "2025-04-19T22:42:44.433Z" },
    { url = "https://files.pythonhosted.org/packages/bf/9b/4cc171a0acbe4666f7775cfd21d4eb6bb1d36d3a0431f48a73e9212d2278/numpy-2.2.5-cp313-cp313-musllinux_1_2_aarch64.whl", hash = "sha256:a4cbdef3ddf777423060c6f81b5694bad2dc9675f110c4b2a60dc0181543fac7", size = 15575611, upload-time = "2025-04-19T22:43:09.928Z" },
    { url = "https://files.pythonhosted.org/packages/a3/45/40f4135341850df48f8edcf949cf47b523c404b712774f8855a64c96ef29/numpy-2.2.5-cp313-cp313-musllinux_1_2_x86_64.whl", hash = "sha256:54088a5a147ab71a8e7fdfd8c3601972751ded0739c6b696ad9cb0343e21ab73", size = 17895747, upload-time = "2025-04-19T22:43:36.983Z" },
    { url = "https://files.pythonhosted.org/packages/f8/4c/b32a17a46f0ffbde8cc82df6d3daeaf4f552e346df143e1b188a701a8f09/numpy-2.2.5-cp313-cp313-win32.whl", hash = "sha256:c8b82a55ef86a2d8e81b63da85e55f5537d2157165be1cb2ce7cfa57b6aef38b", size = 6309594, upload-time = "2025-04-19T22:47:10.523Z" },
    { url = "https://files.pythonhosted.org/packages/13/ae/72e6276feb9ef06787365b05915bfdb057d01fceb4a43cb80978e518d79b/numpy-2.2.5-cp313-cp313-win_amd64.whl", hash = "sha256:d8882a829fd779f0f43998e931c466802a77ca1ee0fe25a3abe50278616b1471", size = 12638356, upload-time = "2025-04-19T22:47:30.253Z" },
    { url = "https://files.pythonhosted.org/packages/79/56/be8b85a9f2adb688e7ded6324e20149a03541d2b3297c3ffc1a73f46dedb/numpy-2.2.5-cp313-cp313t-macosx_10_13_x86_64.whl", hash = "sha256:e8b025c351b9f0e8b5436cf28a07fa4ac0204d67b38f01433ac7f9b870fa38c6", size = 20963778, upload-time = "2025-04-19T22:44:09.251Z" },
    { url = "https://files.pythonhosted.org/packages/ff/77/19c5e62d55bff507a18c3cdff82e94fe174957bad25860a991cac719d3ab/numpy-2.2.5-cp313-cp313t-macosx_11_0_arm64.whl", hash = "sha256:8dfa94b6a4374e7851bbb6f35e6ded2120b752b063e6acdd3157e4d2bb922eba", size = 14207279, upload-time = "2025-04-19T22:44:31.383Z" },
    { url = "https://files.pythonhosted.org/packages/75/22/aa11f22dc11ff4ffe4e849d9b63bbe8d4ac6d5fae85ddaa67dfe43be3e76/numpy-2.2.5-cp313-cp313t-macosx_14_0_arm64.whl", hash = "sha256:97c8425d4e26437e65e1d189d22dff4a079b747ff9c2788057bfb8114ce1e133", size = 5199247, upload-time = "2025-04-19T22:44:40.361Z" },
    { url = "https://files.pythonhosted.org/packages/4f/6c/12d5e760fc62c08eded0394f62039f5a9857f758312bf01632a81d841459/numpy-2.2.5-cp313-cp313t-macosx_14_0_x86_64.whl", hash = "sha256:352d330048c055ea6db701130abc48a21bec690a8d38f8284e00fab256dc1376", size = 6711087, upload-time = "2025-04-19T22:44:51.188Z" },
    { url = "https://files.pythonhosted.org/packages/ef/94/ece8280cf4218b2bee5cec9567629e61e51b4be501e5c6840ceb593db945/numpy-2.2.5-cp313-cp313t-manylinux_2_17_aarch64.manylinux2014_aarch64.whl", hash = "sha256:8b4c0773b6ada798f51f0f8e30c054d32304ccc6e9c5d93d46cb26f3d385ab19", size = 14059964, upload-time = "2025-04-19T22:45:12.451Z" },
    { url = "https://files.pythonhosted.org/packages/39/41/c5377dac0514aaeec69115830a39d905b1882819c8e65d97fc60e177e19e/numpy-2.2.5-cp313-cp313t-manylinux_2_17_x86_64.manylinux2014_x86_64.whl", hash = "sha256:55f09e00d4dccd76b179c0f18a44f041e5332fd0e022886ba1c0bbf3ea4a18d0", size = 16121214, upload-time = "2025-04-19T22:45:37.734Z" },
    { url = "https://files.pythonhosted.org/packages/db/54/3b9f89a943257bc8e187145c6bc0eb8e3d615655f7b14e9b490b053e8149/numpy-2.2.5-cp313-cp313t-musllinux_1_2_aarch64.whl", hash = "sha256:02f226baeefa68f7d579e213d0f3493496397d8f1cff5e2b222af274c86a552a", size = 15575788, upload-time = "2025-04-19T22:46:01.908Z" },
    { url = "https://files.pythonhosted.org/packages/b1/c4/2e407e85df35b29f79945751b8f8e671057a13a376497d7fb2151ba0d290/numpy-2.2.5-cp313-cp313t-musllinux_1_2_x86_64.whl", hash = "sha256:c26843fd58f65da9491165072da2cccc372530681de481ef670dcc8e27cfb066", size = 17893672, upload-time = "2025-04-19T22:46:28.585Z" },
    { url = "https://files.pythonhosted.org/packages/29/7e/d0b44e129d038dba453f00d0e29ebd6eaf2f06055d72b95b9947998aca14/numpy-2.2.5-cp313-cp313t-win32.whl", hash = "sha256:1a161c2c79ab30fe4501d5a2bbfe8b162490757cf90b7f05be8b80bc02f7bb8e", size = 6377102, upload-time = "2025-04-19T22:46:39.949Z" },
    { url = "https://files.pythonhosted.org/packages/63/be/b85e4aa4bf42c6502851b971f1c326d583fcc68227385f92089cf50a7b45/numpy-2.2.5-cp313-cp313t-win_amd64.whl", hash = "sha256:d403c84991b5ad291d3809bace5e85f4bbf44a04bdc9a88ed2bb1807b3360bb8", size = 12750096, upload-time = "2025-04-19T22:47:00.147Z" },
]

[[package]]
name = "pycparser"
version = "2.22"
source = { registry = "https://pypi.org/simple" }
sdist = { url = "https://files.pythonhosted.org/packages/1d/b2/31537cf4b1ca988837256c910a668b553fceb8f069bedc4b1c826024b52c/pycparser-2.22.tar.gz", hash = "sha256:491c8be9c040f5390f5bf44a5b07752bd07f56edf992381b05c701439eec10f6", size = 172736, upload-time = "2024-03-30T13:22:22.564Z" }
wheels = [
    { url = "https://files.pythonhosted.org/packages/13/a3/a812df4e2dd5696d1f351d58b8fe16a405b234ad2886a0dab9183fb78109/pycparser-2.22-py3-none-any.whl", hash = "sha256:c3702b6d3dd8c7abc1afa565d7e63d53a1d0bd86cdc24edd75470f4de499cfcc", size = 117552, upload-time = "2024-03-30T13:22:20.476Z" },
]

[[package]]
name = "pyright"
version = "1.1.400"
source = { registry = "https://pypi.org/simple" }
dependencies = [
    { name = "nodeenv" },
    { name = "typing-extensions" },
]
sdist = { url = "https://files.pythonhosted.org/packages/6c/cb/c306618a02d0ee8aed5fb8d0fe0ecfed0dbf075f71468f03a30b5f4e1fe0/pyright-1.1.400.tar.gz", hash = "sha256:b8a3ba40481aa47ba08ffb3228e821d22f7d391f83609211335858bf05686bdb", size = 3846546, upload-time = "2025-04-24T12:55:18.907Z" }
wheels = [
    { url = "https://files.pythonhosted.org/packages/c8/a5/5d285e4932cf149c90e3c425610c5efaea005475d5f96f1bfdb452956c62/pyright-1.1.400-py3-none-any.whl", hash = "sha256:c80d04f98b5a4358ad3a35e241dbf2a408eee33a40779df365644f8054d2517e", size = 5563460, upload-time = "2025-04-24T12:55:17.002Z" },
]

[[package]]
name = "pyside6"
version = "6.9.0"
source = { registry = "https://pypi.org/simple" }
dependencies = [
    { name = "pyside6-addons" },
    { name = "pyside6-essentials" },
    { name = "shiboken6" },
]
wheels = [
    { url = "https://files.pythonhosted.org/packages/46/74/0b465aa77644cfc3bfde912bb999b5a441d92c699272cab722335e92df3e/PySide6-6.9.0-cp39-abi3-macosx_12_0_universal2.whl", hash = "sha256:b8f286a1bd143f3b2bdf08367b9362b13f469d26986c25700af9c4c68f79213e", size = 558001, upload-time = "2025-04-02T10:56:35.197Z" },
    { url = "https://files.pythonhosted.org/packages/91/53/ce78d2c279a4ed7d4baf5089a5ebff45d675670a42daa5e0f8dbb9ced6ed/PySide6-6.9.0-cp39-abi3-manylinux_2_28_x86_64.whl", hash = "sha256:09239d1b808f18efccd3803db874d683917efcdebfdf0e8dec449cf50e74e7aa", size = 558139, upload-time = "2025-04-02T10:56:37.029Z" },
    { url = "https://files.pythonhosted.org/packages/4b/54/41d6ab0847c043f1fd96433a87ffd09a7cf17e11f5587e91e152777ec010/PySide6-6.9.0-cp39-abi3-manylinux_2_39_aarch64.whl", hash = "sha256:1a176409dd0dd12b72d2c78b776e5051f569071ec52b7aaadd0a5b3333493c24", size = 558139, upload-time = "2025-04-02T10:56:38.519Z" },
    { url = "https://files.pythonhosted.org/packages/63/03/55a632191beadd6bc59b04055961e2c3224a3475a906a63d1899a5ab493d/PySide6-6.9.0-cp39-abi3-win_amd64.whl", hash = "sha256:0103e5d161696db40d75bfbf4e4b7d4f3372903c1b400c4e3379377b62c50290", size = 564479, upload-time = "2025-04-02T10:56:40.69Z" },
    { url = "https://files.pythonhosted.org/packages/e8/80/340523ecb17d2a168d7e37dfd8a7a0eebb81dcbec4870447f132f2a1a28e/PySide6-6.9.0-cp39-abi3-win_arm64.whl", hash = "sha256:846fbccf0b3501eb31cf0791a46e137615efba6ce540da2b426d79fa3e7762c4", size = 401752, upload-time = "2025-04-02T10:56:42.175Z" },
]

[[package]]
name = "pyside6-addons"
version = "6.9.0"
source = { registry = "https://pypi.org/simple" }
dependencies = [
    { name = "pyside6-essentials" },
    { name = "shiboken6" },
]
wheels = [
    { url = "https://files.pythonhosted.org/packages/e8/a4/211077b3f30342827b2c543f80a5f6bc483ff3af6be99766984618e68fb6/PySide6_Addons-6.9.0-cp39-abi3-macosx_12_0_universal2.whl", hash = "sha256:98f9ad4b65820736e12d49c18db2e570eac63727407fbb59a62ac753e89dc201", size = 315606763, upload-time = "2025-04-02T10:56:56.271Z" },
    { url = "https://files.pythonhosted.org/packages/58/c1/21224090a7ee7e9ce5699e5bf16b84d576b7587f0712ccb6862a8b28476c/PySide6_Addons-6.9.0-cp39-abi3-manylinux_2_28_x86_64.whl", hash = "sha256:fc9dcd63a0ce7565f238cb11c44494435a50eb6cb72b8dbce3b709618989c3dc", size = 166252767, upload-time = "2025-04-02T10:57:11.175Z" },
    { url = "https://files.pythonhosted.org/packages/85/c3/add4948cf15648db542531a5c292f9de946ee288243730be7607499936ec/PySide6_Addons-6.9.0-cp39-abi3-manylinux_2_39_aarch64.whl", hash = "sha256:d8a650644e0b9d1e7a092f6bcd11f25a63706d12f77d442b6ace75d346ab5d30", size = 161938789, upload-time = "2025-04-02T10:57:22.898Z" },
    { url = "https://files.pythonhosted.org/packages/77/c0/b1718f62d1fcc9bac4c410d4150d7e1214235e73cc18f39dc36ad49f093f/PySide6_Addons-6.9.0-cp39-abi3-win_amd64.whl", hash = "sha256:8cf54065b3d1b4698448fad825378a25c10ef52017d9dff48cead03200636d8d", size = 142994491, upload-time = "2025-04-02T10:57:34.865Z" },
    { url = "https://files.pythonhosted.org/packages/29/aa/810ceb3d111fa6a0cc865520e05198dd0cad4855558c8c8309d4d3852854/PySide6_Addons-6.9.0-cp39-abi3-win_arm64.whl", hash = "sha256:260a56da59539f476c1635a3ff13591e10f1b04d92155c0617129bc53ca8b5f8", size = 26840861, upload-time = "2025-04-02T10:57:41.312Z" },
]

[[package]]
name = "pyside6-essentials"
version = "6.9.0"
source = { registry = "https://pypi.org/simple" }
dependencies = [
    { name = "shiboken6" },
]
wheels = [
    { url = "https://files.pythonhosted.org/packages/98/ac/a3c8097d6fdcf414d961bdc0d532381d0ee141e4c699f5e2b881a7c3613f/PySide6_Essentials-6.9.0-cp39-abi3-macosx_12_0_universal2.whl", hash = "sha256:b18e3e01b507e8a57481fe19792eb373d5f10a23a50702ce540da1435e722f39", size = 131981893, upload-time = "2025-04-02T10:57:49.618Z" },
    { url = "https://files.pythonhosted.org/packages/9e/fd/46b713827007162de9108b22d01702868e75f31585da7eca5a79e3435590/PySide6_Essentials-6.9.0-cp39-abi3-manylinux_2_28_x86_64.whl", hash = "sha256:45eaf7f17688d1991f39680dbfd3c41674f3cbb78f278aa10fe0b5f2f31c1989", size = 94232483, upload-time = "2025-04-02T10:57:58.879Z" },
    { url = "https://files.pythonhosted.org/packages/ff/f1/72e1d400017a658e271594c8bd9c447c623dfd4fb936f4e043a4f9a8c93b/PySide6_Essentials-6.9.0-cp39-abi3-manylinux_2_39_aarch64.whl", hash = "sha256:69aedfad77119c5bec0005ca31d5620e9bac8ba5ae66c7389160530cfd698ed8", size = 92102516, upload-time = "2025-04-02T10:58:06.598Z" },
    { url = "https://files.pythonhosted.org/packages/96/8a/bc710350c4cf6894968e39970eaa613b85a82eb1f230052de597e44a00ac/PySide6_Essentials-6.9.0-cp39-abi3-win_amd64.whl", hash = "sha256:94a0096d6bb1d3e5cef29ca4a5366d0f229d42480fbb17aa25ad85d72b1b7947", size = 72336994, upload-time = "2025-04-02T10:58:14.491Z" },
    { url = "https://files.pythonhosted.org/packages/49/a4/703e379a0979985f681cf04b9af4129f5dde20141b3cc64fc2a39d006614/PySide6_Essentials-6.9.0-cp39-abi3-win_arm64.whl", hash = "sha256:d2dc45536f2269ad111991042e81257124f1cd1c9ed5ea778d7224fd65dc9e2b", size = 49449220, upload-time = "2025-04-02T10:58:21.192Z" },
]

[[package]]
name = "python-vlc"
version = "3.0.21203"
source = { registry = "https://pypi.org/simple" }
sdist = { url = "https://files.pythonhosted.org/packages/4b/5b/f9ce6f0c9877b6fe5eafbade55e0dcb6b2b30f1c2c95837aef40e390d63b/python_vlc-3.0.21203.tar.gz", hash = "sha256:52d0544b276b11e58b6c0b748c3e0518f94f74b1b4cd328c83a59eacabead1ec", size = 162211, upload-time = "2024-10-07T14:39:54.755Z" }
wheels = [
    { url = "https://files.pythonhosted.org/packages/5b/ee/7d76eb3b50ccb1397621f32ede0fb4d17aa55a9aa2251bc34e6b9929fdce/python_vlc-3.0.21203-py3-none-any.whl", hash = "sha256:1613451a31b692ec276296ceeae0c0ba82bfc2d094dabf9aceb70f58944a6320", size = 87651, upload-time = "2024-10-07T14:39:50.021Z" },
]

[[package]]
name = "shiboken6"
version = "6.9.0"
source = { registry = "https://pypi.org/simple" }
wheels = [
    { url = "https://files.pythonhosted.org/packages/be/85/97b36b045a233bcea9580e8c99d5c76d65cf9727dad8cb173527f6717471/shiboken6-6.9.0-cp39-abi3-macosx_12_0_universal2.whl", hash = "sha256:c4d8e3a5907154ac4789e52c77957db95bcf584238c244d7743cb39e9b66dd26", size = 407067, upload-time = "2025-04-02T10:58:43.491Z" },
    { url = "https://files.pythonhosted.org/packages/45/d3/f6ddef22d4f2ac11c079157ad3714d9b1fb9324d9cd3b200f824923fe2ba/shiboken6-6.9.0-cp39-abi3-manylinux_2_28_x86_64.whl", hash = "sha256:3f585caae5b814a7e23308db0a077355a7dc20c34d58ca4c339ff7625e9a1936", size = 206509, upload-time = "2025-04-02T10:58:44.905Z" },
    { url = "https://files.pythonhosted.org/packages/0d/59/6a91aad272fe89bf2293b7864fb6e926822c93a2f6192611528c6945196d/shiboken6-6.9.0-cp39-abi3-manylinux_2_39_aarch64.whl", hash = "sha256:b61579b90bf9c53ecc174085a69429166dfe57a0b8b894f933d1281af9df6568", size = 202809, upload-time = "2025-04-02T10:58:46.667Z" },
    { url = "https://files.pythonhosted.org/packages/e2/6e/cf00d723ab141132fb6d35ba8faf109cbc0ee83412016343600abb423149/shiboken6-6.9.0-cp39-abi3-win_amd64.whl", hash = "sha256:121ea290ed1afa5ad6abf690b377612693436292b69c61b0f8e10b1f0850f935", size = 1153132, upload-time = "2025-04-02T10:58:50.973Z" },
    { url = "https://files.pythonhosted.org/packages/b5/01/d59babab05786c99ebabdd152864ea3d4c500160979952c620eec68b1ff2/shiboken6-6.9.0-cp39-abi3-win_arm64.whl", hash = "sha256:24f53857458881b54798d7e35704611d07f6b6885bcdf80f13a4c8bb485b8df2", size = 1831261, upload-time = "2025-04-02T10:58:52.789Z" },
]

[[package]]
name = "soundfile"
version = "0.13.1"
source = { registry = "https://pypi.org/simple" }
dependencies = [
    { name = "cffi" },
    { name = "numpy" },
]
sdist = { url = "https://files.pythonhosted.org/packages/e1/41/9b873a8c055582859b239be17902a85339bec6a30ad162f98c9b0288a2cc/soundfile-0.13.1.tar.gz", hash = "sha256:b2c68dab1e30297317080a5b43df57e302584c49e2942defdde0acccc53f0e5b", size = 46156, upload-time = "2025-01-25T09:17:04.831Z" }
wheels = [
    { url = "https://files.pythonhosted.org/packages/64/28/e2a36573ccbcf3d57c00626a21fe51989380636e821b341d36ccca0c1c3a/soundfile-0.13.1-py2.py3-none-any.whl", hash = "sha256:a23c717560da2cf4c7b5ae1142514e0fd82d6bbd9dfc93a50423447142f2c445", size = 25751, upload-time = "2025-01-25T09:16:44.235Z" },
    { url = "https://files.pythonhosted.org/packages/ea/ab/73e97a5b3cc46bba7ff8650a1504348fa1863a6f9d57d7001c6b67c5f20e/soundfile-0.13.1-py2.py3-none-macosx_10_9_x86_64.whl", hash = "sha256:82dc664d19831933fe59adad199bf3945ad06d84bc111a5b4c0d3089a5b9ec33", size = 1142250, upload-time = "2025-01-25T09:16:47.583Z" },
    { url = "https://files.pythonhosted.org/packages/a0/e5/58fd1a8d7b26fc113af244f966ee3aecf03cb9293cb935daaddc1e455e18/soundfile-0.13.1-py2.py3-none-macosx_11_0_arm64.whl", hash = "sha256:743f12c12c4054921e15736c6be09ac26b3b3d603aef6fd69f9dde68748f2593", size = 1101406, upload-time = "2025-01-25T09:16:49.662Z" },
    { url = "https://files.pythonhosted.org/packages/58/ae/c0e4a53d77cf6e9a04179535766b3321b0b9ced5f70522e4caf9329f0046/soundfile-0.13.1-py2.py3-none-manylinux_2_28_aarch64.whl", hash = "sha256:9c9e855f5a4d06ce4213f31918653ab7de0c5a8d8107cd2427e44b42df547deb", size = 1235729, upload-time = "2025-01-25T09:16:53.018Z" },
    { url = "https://files.pythonhosted.org/packages/57/5e/70bdd9579b35003a489fc850b5047beeda26328053ebadc1fb60f320f7db/soundfile-0.13.1-py2.py3-none-manylinux_2_28_x86_64.whl", hash = "sha256:03267c4e493315294834a0870f31dbb3b28a95561b80b134f0bd3cf2d5f0e618", size = 1313646, upload-time = "2025-01-25T09:16:54.872Z" },
    { url = "https://files.pythonhosted.org/packages/fe/df/8c11dc4dfceda14e3003bb81a0d0edcaaf0796dd7b4f826ea3e532146bba/soundfile-0.13.1-py2.py3-none-win32.whl", hash = "sha256:c734564fab7c5ddf8e9be5bf70bab68042cd17e9c214c06e365e20d64f9a69d5", size = 899881, upload-time = "2025-01-25T09:16:56.663Z" },
    { url = "https://files.pythonhosted.org/packages/14/e9/6b761de83277f2f02ded7e7ea6f07828ec78e4b229b80e4ca55dd205b9dc/soundfile-0.13.1-py2.py3-none-win_amd64.whl", hash = "sha256:1e70a05a0626524a69e9f0f4dd2ec174b4e9567f4d8b6c11d38b5c289be36ee9", size = 1019162, upload-time = "2025-01-25T09:16:59.573Z" },
]

[[package]]
name = "tqdm"
version = "4.67.1"
source = { registry = "https://pypi.org/simple" }
dependencies = [
    { name = "colorama", marker = "sys_platform == 'win32'" },
]
sdist = { url = "https://files.pythonhosted.org/packages/a8/4b/29b4ef32e036bb34e4ab51796dd745cdba7ed47ad142a9f4a1eb8e0c744d/tqdm-4.67.1.tar.gz", hash = "sha256:f8aef9c52c08c13a65f30ea34f4e5aac3fd1a34959879d7e59e63027286627f2", size = 169737, upload-time = "2024-11-24T20:12:22.481Z" }
wheels = [
    { url = "https://files.pythonhosted.org/packages/d0/30/dc54f88dd4a2b5dc8a0279bdd7270e735851848b762aeb1c1184ed1f6b14/tqdm-4.67.1-py3-none-any.whl", hash = "sha256:26445eca388f82e72884e0d580d5464cd801a3ea01e63e5601bdff9ba6a48de2", size = 78540, upload-time = "2024-11-24T20:12:19.698Z" },
]

[[package]]
name = "typing-extensions"
version = "4.13.2"
source = { registry = "https://pypi.org/simple" }
sdist = { url = "https://files.pythonhosted.org/packages/f6/37/23083fcd6e35492953e8d2aaaa68b860eb422b34627b13f2ce3eb6106061/typing_extensions-4.13.2.tar.gz", hash = "sha256:e6c81219bd689f51865d9e372991c540bda33a0379d5573cddb9a3a23f7caaef", size = 106967, upload-time = "2025-04-10T14:19:05.416Z" }
wheels = [
    { url = "https://files.pythonhosted.org/packages/8b/54/b1ae86c0973cc6f0210b53d508ca3641fb6d0c56823f288d108bc7ab3cc8/typing_extensions-4.13.2-py3-none-any.whl", hash = "sha256:a439e7c04b49fec3e5d3e2beaa21755cadbbdc391694e28ccdd36ca4a1408f8c", size = 45806, upload-time = "2025-04-10T14:19:03.967Z" },
]
